
Microsoft Visual Studio Solution File, Format Version 12.00
# Visual Studio Version 17
VisualStudioVersion = 17.0.32112.339
MinimumVisualStudioVersion = 10.0.40219.1
Project("{FAE04EC0-301F-11D3-BF4B-00C04F79EFBC}") = "MeetingsSimulator", "MeetingsSimulator\MeetingsSimulator.csproj", "{5BC24AB1-5F41-422A-B3EB-3E278F50A41F}"
EndProject
Global
	GlobalSection(SolutionConfigurationPlatforms) = preSolution
		Debug|Any CPU = Debug|Any CPU
		Release|Any CPU = Release|Any CPU
	EndGlobalSection
	GlobalSection(ProjectConfigurationPlatforms) = postSolution
		{5BC24AB1-5F41-422A-B3EB-3E278F50A41F}.Debug|Any CPU.ActiveCfg = Debug|Any CPU
		{5BC24AB1-5F41-422A-B3EB-3E278F50A41F}.Debug|Any CPU.Build.0 = Debug|Any CPU
		{5BC24AB1-5F41-422A-B3EB-3E278F50A41F}.Release|Any CPU.ActiveCfg = Release|Any CPU
		{5BC24AB1-5F41-422A-B3EB-3E278F50A41F}.Release|Any CPU.Build.0 = Release|Any CPU
	EndGlobalSection
	GlobalSection(SolutionProperties) = preSolution
		HideSolutionNode = FALSE
	EndGlobalSection
	GlobalSection(ExtensibilityGlobals) = postSolution
		SolutionGuid = {ED33187D-4780-45F3-B707-7EDDC8908707}
	EndGlobalSection
EndGlobal
